
Microsoft Visual Studio Solution File, Format Version 12.00
# Visual Studio Version 17
VisualStudioVersion = 17.13.35919.96
MinimumVisualStudioVersion = 10.0.40219.1
Project("{FAE04EC0-301F-11D3-BF4B-00C04F79EFBC}") = "SupermarketWEB", "SupermarketWEB.csproj", "{7DF0D6AF-FB4B-4950-89C0-9B6357A2A9EE}"
EndProject
Global
	GlobalSection(SolutionConfigurationPlatforms) = preSolution
		Debug|Any CPU = Debug|Any CPU
		Release|Any CPU = Release|Any CPU
	EndGlobalSection
	GlobalSection(ProjectConfigurationPlatforms) = postSolution
		{7DF0D6AF-FB4B-4950-89C0-9B6357A2A9EE}.Debug|Any CPU.ActiveCfg = Debug|Any CPU
		{7DF0D6AF-FB4B-4950-89C0-9B6357A2A9EE}.Debug|Any CPU.Build.0 = Debug|Any CPU
		{7DF0D6AF-FB4B-4950-89C0-9B6357A2A9EE}.Release|Any CPU.ActiveCfg = Release|Any CPU
		{7DF0D6AF-FB4B-4950-89C0-9B6357A2A9EE}.Release|Any CPU.Build.0 = Release|Any CPU
	EndGlobalSection
	GlobalSection(SolutionProperties) = preSolution
		HideSolutionNode = FALSE
	EndGlobalSection
	GlobalSection(ExtensibilityGlobals) = postSolution
		SolutionGuid = {34E71859-FB8A-4C8D-975E-9ACEE4AAFC6D}
	EndGlobalSection
EndGlobal
